
Microsoft Visual Studio Solution File, Format Version 12.00
# Visual Studio Version 17
VisualStudioVersion = 17.7.34031.279
MinimumVisualStudioVersion = 10.0.40219.1
Project("{FAE04EC0-301F-11D3-BF4B-00C04F79EFBC}") = "practise04", "practise04\practise04.csproj", "{382DC214-A447-4767-BB93-C07AB9FD7FB9}"
EndProject
Global
	GlobalSection(SolutionConfigurationPlatforms) = preSolution
		Debug|Any CPU = Debug|Any CPU
		Release|Any CPU = Release|Any CPU
	EndGlobalSection
	GlobalSection(ProjectConfigurationPlatforms) = postSolution
		{382DC214-A447-4767-BB93-C07AB9FD7FB9}.Debug|Any CPU.ActiveCfg = Debug|Any CPU
		{382DC214-A447-4767-BB93-C07AB9FD7FB9}.Debug|Any CPU.Build.0 = Debug|Any CPU
		{382DC214-A447-4767-BB93-C07AB9FD7FB9}.Release|Any CPU.ActiveCfg = Release|Any CPU
		{382DC214-A447-4767-BB93-C07AB9FD7FB9}.Release|Any CPU.Build.0 = Release|Any CPU
	EndGlobalSection
	GlobalSection(SolutionProperties) = preSolution
		HideSolutionNode = FALSE
	EndGlobalSection
	GlobalSection(ExtensibilityGlobals) = postSolution
		SolutionGuid = {35825B25-AE6D-420A-AE60-0E2FB2F6731B}
	EndGlobalSection
EndGlobal
